
Microsoft Visual Studio Solution File, Format Version 12.00
# Visual Studio Version 17
VisualStudioVersion = 17.7.34221.43
MinimumVisualStudioVersion = 10.0.40219.1
Project("{FAE04EC0-301F-11D3-BF4B-00C04F79EFBC}") = "ExampleIDE", "ExampleIDE\ExampleIDE.csproj", "{C758A038-D1B1-4076-BE6B-CFBE7B8102E6}"
EndProject
Project("{FAE04EC0-301F-11D3-BF4B-00C04F79EFBC}") = "BixHubWrapper", "BixHubWrapper\BixHubWrapper.csproj", "{4591A2E1-CB04-4220-B43F-1CE374596CD4}"
EndProject
Global
	GlobalSection(SolutionConfigurationPlatforms) = preSolution
		Debug|Any CPU = Debug|Any CPU
		Release|Any CPU = Release|Any CPU
	EndGlobalSection
	GlobalSection(ProjectConfigurationPlatforms) = postSolution
		{C758A038-D1B1-4076-BE6B-CFBE7B8102E6}.Debug|Any CPU.ActiveCfg = Debug|Any CPU
		{C758A038-D1B1-4076-BE6B-CFBE7B8102E6}.Debug|Any CPU.Build.0 = Debug|Any CPU
		{C758A038-D1B1-4076-BE6B-CFBE7B8102E6}.Release|Any CPU.ActiveCfg = Release|Any CPU
		{C758A038-D1B1-4076-BE6B-CFBE7B8102E6}.Release|Any CPU.Build.0 = Release|Any CPU
		{4591A2E1-CB04-4220-B43F-1CE374596CD4}.Debug|Any CPU.ActiveCfg = Debug|Any CPU
		{4591A2E1-CB04-4220-B43F-1CE374596CD4}.Debug|Any CPU.Build.0 = Debug|Any CPU
		{4591A2E1-CB04-4220-B43F-1CE374596CD4}.Release|Any CPU.ActiveCfg = Release|Any CPU
		{4591A2E1-CB04-4220-B43F-1CE374596CD4}.Release|Any CPU.Build.0 = Release|Any CPU
	EndGlobalSection
	GlobalSection(SolutionProperties) = preSolution
		HideSolutionNode = FALSE
	EndGlobalSection
	GlobalSection(ExtensibilityGlobals) = postSolution
		SolutionGuid = {6DB9EFA2-E851-4232-91E4-732D93B74832}
	EndGlobalSection
EndGlobal
